
Microsoft Visual Studio Solution File, Format Version 12.00
# Visual Studio Version 16
VisualStudioVersion = 16.0.29009.5
MinimumVisualStudioVersion = 10.0.40219.1
Project("{FAE04EC0-301F-11D3-BF4B-00C04F79EFBC}") = "WpfApp18", "WpfApp18\WpfApp18.csproj", "{C4E48F99-5086-4537-BA02-373AD1C97549}"
EndProject
Global
	GlobalSection(SolutionConfigurationPlatforms) = preSolution
		Debug|Any CPU = Debug|Any CPU
		Release|Any CPU = Release|Any CPU
	EndGlobalSection
	GlobalSection(ProjectConfigurationPlatforms) = postSolution
		{C4E48F99-5086-4537-BA02-373AD1C97549}.Debug|Any CPU.ActiveCfg = Debug|Any CPU
		{C4E48F99-5086-4537-BA02-373AD1C97549}.Debug|Any CPU.Build.0 = Debug|Any CPU
		{C4E48F99-5086-4537-BA02-373AD1C97549}.Release|Any CPU.ActiveCfg = Release|Any CPU
		{C4E48F99-5086-4537-BA02-373AD1C97549}.Release|Any CPU.Build.0 = Release|Any CPU
	EndGlobalSection
	GlobalSection(SolutionProperties) = preSolution
		HideSolutionNode = FALSE
	EndGlobalSection
	GlobalSection(ExtensibilityGlobals) = postSolution
		SolutionGuid = {6ED98135-A2EA-4BDE-944B-42FDDA454044}
	EndGlobalSection
EndGlobal
